
Microsoft Visual Studio Solution File, Format Version 12.00
# Visual Studio 15
VisualStudioVersion = 15.0.28010.2050
MinimumVisualStudioVersion = 10.0.40219.1
Project("{FAE04EC0-301F-11D3-BF4B-00C04F79EFBC}") = "Immutable", "Immutable\Immutable.csproj", "{9292593E-98F7-4500-9A65-69CD044AD485}"
EndProject
Global
	GlobalSection(SolutionConfigurationPlatforms) = preSolution
		Debug|Any CPU = Debug|Any CPU
		Release|Any CPU = Release|Any CPU
	EndGlobalSection
	GlobalSection(ProjectConfigurationPlatforms) = postSolution
		{9292593E-98F7-4500-9A65-69CD044AD485}.Debug|Any CPU.ActiveCfg = Debug|Any CPU
		{9292593E-98F7-4500-9A65-69CD044AD485}.Debug|Any CPU.Build.0 = Debug|Any CPU
		{9292593E-98F7-4500-9A65-69CD044AD485}.Release|Any CPU.ActiveCfg = Release|Any CPU
		{9292593E-98F7-4500-9A65-69CD044AD485}.Release|Any CPU.Build.0 = Release|Any CPU
	EndGlobalSection
	GlobalSection(SolutionProperties) = preSolution
		HideSolutionNode = FALSE
	EndGlobalSection
	GlobalSection(ExtensibilityGlobals) = postSolution
		SolutionGuid = {268D78A9-6A37-4545-A504-7E9BAF75C371}
	EndGlobalSection
EndGlobal
