
Microsoft Visual Studio Solution File, Format Version 12.00
# Visual Studio Version 16
VisualStudioVersion = 16.0.28407.52
MinimumVisualStudioVersion = 10.0.40219.1
Project("{FAE04EC0-301F-11D3-BF4B-00C04F79EFBC}") = "mhcj", "mhcj\mhcj.csproj", "{905E4446-A3CB-4057-8255-2A3FC32EAE62}"
EndProject
Project("{FAE04EC0-301F-11D3-BF4B-00C04F79EFBC}") = "CVM_Test", "CVM_Test\CVM_Test.csproj", "{1C735E8D-03FE-4A22-AF6B-D4982C517E39}"
EndProject
Global
	GlobalSection(SolutionConfigurationPlatforms) = preSolution
		Debug|Any CPU = Debug|Any CPU
		Release|Any CPU = Release|Any CPU
	EndGlobalSection
	GlobalSection(ProjectConfigurationPlatforms) = postSolution
		{905E4446-A3CB-4057-8255-2A3FC32EAE62}.Debug|Any CPU.ActiveCfg = Debug|Any CPU
		{905E4446-A3CB-4057-8255-2A3FC32EAE62}.Debug|Any CPU.Build.0 = Debug|Any CPU
		{905E4446-A3CB-4057-8255-2A3FC32EAE62}.Release|Any CPU.ActiveCfg = Release|Any CPU
		{905E4446-A3CB-4057-8255-2A3FC32EAE62}.Release|Any CPU.Build.0 = Release|Any CPU
		{1C735E8D-03FE-4A22-AF6B-D4982C517E39}.Debug|Any CPU.ActiveCfg = Debug|Any CPU
		{1C735E8D-03FE-4A22-AF6B-D4982C517E39}.Debug|Any CPU.Build.0 = Debug|Any CPU
		{1C735E8D-03FE-4A22-AF6B-D4982C517E39}.Release|Any CPU.ActiveCfg = Release|Any CPU
		{1C735E8D-03FE-4A22-AF6B-D4982C517E39}.Release|Any CPU.Build.0 = Release|Any CPU
	EndGlobalSection
	GlobalSection(SolutionProperties) = preSolution
		HideSolutionNode = FALSE
	EndGlobalSection
	GlobalSection(ExtensibilityGlobals) = postSolution
		SolutionGuid = {268D78A9-6A37-4545-A504-7E9BAF75C371}
	EndGlobalSection
EndGlobal
